// !$*UTF8*$!
{
	archiveVersion = 1;
	classes = {
	};
	objectVersion = 46;
	objects = {

/* Begin PBXBuildFile section */
		71475A671DB4335E001869C1 /* AppDelegate.swift in Sources */ = {isa = PBXBuildFile; fileRef = 71475A661DB4335E001869C1 /* AppDelegate.swift */; };
		71475A6C1DB4335E001869C1 /* Main.storyboard in Resources */ = {isa = PBXBuildFile; fileRef = 71475A6A1DB4335E001869C1 /* Main.storyboard */; };
		71475A6E1DB4335E001869C1 /* Assets.xcassets in Resources */ = {isa = PBXBuildFile; fileRef = 71475A6D1DB4335E001869C1 /* Assets.xcassets */; };
		71475A711DB4335E001869C1 /* LaunchScreen.storyboard in Resources */ = {isa = PBXBuildFile; fileRef = 71475A6F1DB4335E001869C1 /* LaunchScreen.storyboard */; };
		71475A7C1DB4335E001869C1 /* groceryShoppingTests.swift in Sources */ = {isa = PBXBuildFile; fileRef = 71475A7B1DB4335E001869C1 /* groceryShoppingTests.swift */; };
		71475A871DB4335E001869C1 /* groceryShoppingUITests.swift in Sources */ = {isa = PBXBuildFile; fileRef = 71475A861DB4335E001869C1 /* groceryShoppingUITests.swift */; };
		71475A951DB43411001869C1 /* Aisle7CollectionViewController.swift in Sources */ = {isa = PBXBuildFile; fileRef = 71475A941DB43411001869C1 /* Aisle7CollectionViewController.swift */; };
		71475A971DB435C5001869C1 /* Aisle7CollectionViewCell.swift in Sources */ = {isa = PBXBuildFile; fileRef = 71475A961DB435C5001869C1 /* Aisle7CollectionViewCell.swift */; };
		71475A991DB43B0B001869C1 /* EndCapViewController.swift in Sources */ = {isa = PBXBuildFile; fileRef = 71475A981DB43B0B001869C1 /* EndCapViewController.swift */; };
		71475A9B1DB43C6D001869C1 /* Cereals.swift in Sources */ = {isa = PBXBuildFile; fileRef = 71475A9A1DB43C6D001869C1 /* Cereals.swift */; };
/* End PBXBuildFile section */

/* Begin PBXContainerItemProxy section */
		71475A781DB4335E001869C1 /* PBXContainerItemProxy */ = {
			isa = PBXContainerItemProxy;
			containerPortal = 71475A5B1DB4335E001869C1 /* Project object */;
			proxyType = 1;
			remoteGlobalIDString = 71475A621DB4335E001869C1;
			remoteInfo = groceryShopping;
		};
		71475A831DB4335E001869C1 /* PBXContainerItemProxy */ = {
			isa = PBXContainerItemProxy;
			containerPortal = 71475A5B1DB4335E001869C1 /* Project object */;
			proxyType = 1;
			remoteGlobalIDString = 71475A621DB4335E001869C1;
			remoteInfo = groceryShopping;
		};
/* End PBXContainerItemProxy section */

/* Begin PBXFileReference section */
		71475A631DB4335E001869C1 /* groceryShopping.app */ = {isa = PBXFileReference; explicitFileType = wrapper.application; includeInIndex = 0; path = groceryShopping.app; sourceTree = BUILT_PRODUCTS_DIR; };
		71475A661DB4335E001869C1 /* AppDelegate.swift */ = {isa = PBXFileReference; lastKnownFileType = sourcecode.swift; path = AppDelegate.swift; sourceTree = "<group>"; };
		71475A6B1DB4335E001869C1 /* Base */ = {isa = PBXFileReference; lastKnownFileType = file.storyboard; name = Base; path = Base.lproj/Main.storyboard; sourceTree = "<group>"; };
		71475A6D1DB4335E001869C1 /* Assets.xcassets */ = {isa = PBXFileReference; lastKnownFileType = folder.assetcatalog; path = Assets.xcassets; sourceTree = "<group>"; };
		71475A701DB4335E001869C1 /* Base */ = {isa = PBXFileReference; lastKnownFileType = file.storyboard; name = Base; path = Base.lproj/LaunchScreen.storyboard; sourceTree = "<group>"; };
		71475A721DB4335E001869C1 /* Info.plist */ = {isa = PBXFileReference; lastKnownFileType = text.plist.xml; path = Info.plist; sourceTree = "<group>"; };
		71475A771DB4335E001869C1 /* groceryShoppingTests.xctest */ = {isa = PBXFileReference; explicitFileType = wrapper.cfbundle; includeInIndex = 0; path = groceryShoppingTests.xctest; sourceTree = BUILT_PRODUCTS_DIR; };
		71475A7B1DB4335E001869C1 /* groceryShoppingTests.swift */ = {isa = PBXFileReference; lastKnownFileType = sourcecode.swift; path = groceryShoppingTests.swift; sourceTree = "<group>"; };
		71475A7D1DB4335E001869C1 /* Info.plist */ = {isa = PBXFileReference; lastKnownFileType = text.plist.xml; path = Info.plist; sourceTree = "<group>"; };
		71475A821DB4335E001869C1 /* groceryShoppingUITests.xctest */ = {isa = PBXFileReference; explicitFileType = wrapper.cfbundle; includeInIndex = 0; path = groceryShoppingUITests.xctest; sourceTree = BUILT_PRODUCTS_DIR; };
		71475A861DB4335E001869C1 /* groceryShoppingUITests.swift */ = {isa = PBXFileReference; lastKnownFileType = sourcecode.swift; path = groceryShoppingUITests.swift; sourceTree = "<group>"; };
		71475A881DB4335E001869C1 /* Info.plist */ = {isa = PBXFileReference; lastKnownFileType = text.plist.xml; path = Info.plist; sourceTree = "<group>"; };
		71475A941DB43411001869C1 /* Aisle7CollectionViewController.swift */ = {isa = PBXFileReference; fileEncoding = 4; lastKnownFileType = sourcecode.swift; path = Aisle7CollectionViewController.swift; sourceTree = "<group>"; };
		71475A961DB435C5001869C1 /* Aisle7CollectionViewCell.swift */ = {isa = PBXFileReference; fileEncoding = 4; lastKnownFileType = sourcecode.swift; path = Aisle7CollectionViewCell.swift; sourceTree = "<group>"; };
		71475A981DB43B0B001869C1 /* EndCapViewController.swift */ = {isa = PBXFileReference; fileEncoding = 4; lastKnownFileType = sourcecode.swift; path = EndCapViewController.swift; sourceTree = "<group>"; };
		71475A9A1DB43C6D001869C1 /* Cereals.swift */ = {isa = PBXFileReference; fileEncoding = 4; lastKnownFileType = sourcecode.swift; path = Cereals.swift; sourceTree = "<group>"; };
/* End PBXFileReference section */

/* Begin PBXFrameworksBuildPhase section */
		71475A601DB4335E001869C1 /* Frameworks */ = {
			isa = PBXFrameworksBuildPhase;
			buildActionMask = 2147483647;
			files = (
			);
			runOnlyForDeploymentPostprocessing = 0;
		};
		71475A741DB4335E001869C1 /* Frameworks */ = {
			isa = PBXFrameworksBuildPhase;
			buildActionMask = 2147483647;
			files = (
			);
			runOnlyForDeploymentPostprocessing = 0;
		};
		71475A7F1DB4335E001869C1 /* Frameworks */ = {
			isa = PBXFrameworksBuildPhase;
			buildActionMask = 2147483647;
			files = (
			);
			runOnlyForDeploymentPostprocessing = 0;
		};
/* End PBXFrameworksBuildPhase section */

/* Begin PBXGroup section */
		71475A5A1DB4335E001869C1 = {
			isa = PBXGroup;
			children = (
				71475A651DB4335E001869C1 /* groceryShopping */,
				71475A7A1DB4335E001869C1 /* groceryShoppingTests */,
				71475A851DB4335E001869C1 /* groceryShoppingUITests */,
				71475A641DB4335E001869C1 /* Products */,
			);
			sourceTree = "<group>";
		};
		71475A641DB4335E001869C1 /* Products */ = {
			isa = PBXGroup;
			children = (
				71475A631DB4335E001869C1 /* groceryShopping.app */,
				71475A771DB4335E001869C1 /* groceryShoppingTests.xctest */,
				71475A821DB4335E001869C1 /* groceryShoppingUITests.xctest */,
			);
			name = Products;
			sourceTree = "<group>";
		};
		71475A651DB4335E001869C1 /* groceryShopping */ = {
			isa = PBXGroup;
			children = (
				71475A661DB4335E001869C1 /* AppDelegate.swift */,
				71475A6A1DB4335E001869C1 /* Main.storyboard */,
				71475A981DB43B0B001869C1 /* EndCapViewController.swift */,
				71475A961DB435C5001869C1 /* Aisle7CollectionViewCell.swift */,
				71475A941DB43411001869C1 /* Aisle7CollectionViewController.swift */,
				71475A9A1DB43C6D001869C1 /* Cereals.swift */,
				71475A6D1DB4335E001869C1 /* Assets.xcassets */,
				71475A6F1DB4335E001869C1 /* LaunchScreen.storyboard */,
				71475A721DB4335E001869C1 /* Info.plist */,
			);
			path = groceryShopping;
			sourceTree = "<group>";
		};
		71475A7A1DB4335E001869C1 /* groceryShoppingTests */ = {
			isa = PBXGroup;
			children = (
				71475A7B1DB4335E001869C1 /* groceryShoppingTests.swift */,
				71475A7D1DB4335E001869C1 /* Info.plist */,
			);
			path = groceryShoppingTests;
			sourceTree = "<group>";
		};
		71475A851DB4335E001869C1 /* groceryShoppingUITests */ = {
			isa = PBXGroup;
			children = (
				71475A861DB4335E001869C1 /* groceryShoppingUITests.swift */,
				71475A881DB4335E001869C1 /* Info.plist */,
			);
			path = groceryShoppingUITests;
			sourceTree = "<group>";
		};
/* End PBXGroup section */

/* Begin PBXNativeTarget section */
		71475A621DB4335E001869C1 /* groceryShopping */ = {
			isa = PBXNativeTarget;
			buildConfigurationList = 71475A8B1DB4335E001869C1 /* Build configuration list for PBXNativeTarget "groceryShopping" */;
			buildPhases = (
				71475A5F1DB4335E001869C1 /* Sources */,
				71475A601DB4335E001869C1 /* Frameworks */,
				71475A611DB4335E001869C1 /* Resources */,
			);
			buildRules = (
			);
			dependencies = (
			);
			name = groceryShopping;
			productName = groceryShopping;
			productReference = 71475A631DB4335E001869C1 /* groceryShopping.app */;
			productType = "com.apple.product-type.application";
		};
		71475A761DB4335E001869C1 /* groceryShoppingTests */ = {
			isa = PBXNativeTarget;
			buildConfigurationList = 71475A8E1DB4335E001869C1 /* Build configuration list for PBXNativeTarget "groceryShoppingTests" */;
			buildPhases = (
				71475A731DB4335E001869C1 /* Sources */,
				71475A741DB4335E001869C1 /* Frameworks */,
				71475A751DB4335E001869C1 /* Resources */,
			);
			buildRules = (
			);
			dependencies = (
				71475A791DB4335E001869C1 /* PBXTargetDependency */,
			);
			name = groceryShoppingTests;
			productName = groceryShoppingTests;
			productReference = 71475A771DB4335E001869C1 /* groceryShoppingTests.xctest */;
			productType = "com.apple.product-type.bundle.unit-test";
		};
		71475A811DB4335E001869C1 /* groceryShoppingUITests */ = {
			isa = PBXNativeTarget;
			buildConfigurationList = 71475A911DB4335E001869C1 /* Build configuration list for PBXNativeTarget "groceryShoppingUITests" */;
			buildPhases = (
				71475A7E1DB4335E001869C1 /* Sources */,
				71475A7F1DB4335E001869C1 /* Frameworks */,
				71475A801DB4335E001869C1 /* Resources */,
			);
			buildRules = (
			);
			dependencies = (
				71475A841DB4335E001869C1 /* PBXTargetDependency */,
			);
			name = groceryShoppingUITests;
			productName = groceryShoppingUITests;
			productReference = 71475A821DB4335E001869C1 /* groceryShoppingUITests.xctest */;
			productType = "com.apple.product-type.bundle.ui-testing";
		};
/* End PBXNativeTarget section */

/* Begin PBXProject section */
		71475A5B1DB4335E001869C1 /* Project object */ = {
			isa = PBXProject;
			attributes = {
				LastSwiftUpdateCheck = 0800;
				LastUpgradeCheck = 0800;
				ORGANIZATIONNAME = "Jacqueline Minneman";
				TargetAttributes = {
					71475A621DB4335E001869C1 = {
						CreatedOnToolsVersion = 8.0;
						ProvisioningStyle = Automatic;
					};
					71475A761DB4335E001869C1 = {
						CreatedOnToolsVersion = 8.0;
						ProvisioningStyle = Automatic;
						TestTargetID = 71475A621DB4335E001869C1;
					};
					71475A811DB4335E001869C1 = {
						CreatedOnToolsVersion = 8.0;
						ProvisioningStyle = Automatic;
						TestTargetID = 71475A621DB4335E001869C1;
					};
				};
			};
			buildConfigurationList = 71475A5E1DB4335E001869C1 /* Build configuration list for PBXProject "groceryShopping" */;
			compatibilityVersion = "Xcode 3.2";
			developmentRegion = English;
			hasScannedForEncodings = 0;
			knownRegions = (
				en,
				Base,
			);
			mainGroup = 71475A5A1DB4335E001869C1;
			productRefGroup = 71475A641DB4335E001869C1 /* Products */;
			projectDirPath = "";
			projectRoot = "";
			targets = (
				71475A621DB4335E001869C1 /* groceryShopping */,
				71475A761DB4335E001869C1 /* groceryShoppingTests */,
				71475A811DB4335E001869C1 /* groceryShoppingUITests */,
			);
		};
/* End PBXProject section */

/* Begin PBXResourcesBuildPhase section */
		71475A611DB4335E001869C1 /* Resources */ = {
			isa = PBXResourcesBuildPhase;
			buildActionMask = 2147483647;
			files = (
				71475A711DB4335E001869C1 /* LaunchScreen.storyboard in Resources */,
				71475A6E1DB4335E001869C1 /* Assets.xcassets in Resources */,
				71475A6C1DB4335E001869C1 /* Main.storyboard in Resources */,
			);
			runOnlyForDeploymentPostprocessing = 0;
		};
		71475A751DB4335E001869C1 /* Resources */ = {
			isa = PBXResourcesBuildPhase;
			buildActionMask = 2147483647;
			files = (
			);
			runOnlyForDeploymentPostprocessing = 0;
		};
		71475A801DB4335E001869C1 /* Resources */ = {
			isa = PBXResourcesBuildPhase;
			buildActionMask = 2147483647;
			files = (
			);
			runOnlyForDeploymentPostprocessing = 0;
		};
/* End PBXResourcesBuildPhase section */

/* Begin PBXSourcesBuildPhase section */
		71475A5F1DB4335E001869C1 /* Sources */ = {
			isa = PBXSourcesBuildPhase;
			buildActionMask = 2147483647;
			files = (
				71475A971DB435C5001869C1 /* Aisle7CollectionViewCell.swift in Sources */,
				71475A671DB4335E001869C1 /* AppDelegate.swift in Sources */,
				71475A951DB43411001869C1 /* Aisle7CollectionViewController.swift in Sources */,
				71475A9B1DB43C6D001869C1 /* Cereals.swift in Sources */,
				71475A991DB43B0B001869C1 /* EndCapViewController.swift in Sources */,
			);
			runOnlyForDeploymentPostprocessing = 0;
		};
		71475A731DB4335E001869C1 /* Sources */ = {
			isa = PBXSourcesBuildPhase;
			buildActionMask = 2147483647;
			files = (
				71475A7C1DB4335E001869C1 /* groceryShoppingTests.swift in Sources */,
			);
			runOnlyForDeploymentPostprocessing = 0;
		};
		71475A7E1DB4335E001869C1 /* Sources */ = {
			isa = PBXSourcesBuildPhase;
			buildActionMask = 2147483647;
			files = (
				71475A871DB4335E001869C1 /* groceryShoppingUITests.swift in Sources */,
			);
			runOnlyForDeploymentPostprocessing = 0;
		};
/* End PBXSourcesBuildPhase section */

/* Begin PBXTargetDependency section */
		71475A791DB4335E001869C1 /* PBXTargetDependency */ = {
			isa = PBXTargetDependency;
			target = 71475A621DB4335E001869C1 /* groceryShopping */;
			targetProxy = 71475A781DB4335E001869C1 /* PBXContainerItemProxy */;
		};
		71475A841DB4335E001869C1 /* PBXTargetDependency */ = {
			isa = PBXTargetDependency;
			target = 71475A621DB4335E001869C1 /* groceryShopping */;
			targetProxy = 71475A831DB4335E001869C1 /* PBXContainerItemProxy */;
		};
/* End PBXTargetDependency section */

/* Begin PBXVariantGroup section */
		71475A6A1DB4335E001869C1 /* Main.storyboard */ = {
			isa = PBXVariantGroup;
			children = (
				71475A6B1DB4335E001869C1 /* Base */,
			);
			name = Main.storyboard;
			sourceTree = "<group>";
		};
		71475A6F1DB4335E001869C1 /* LaunchScreen.storyboard */ = {
			isa = PBXVariantGroup;
			children = (
				71475A701DB4335E001869C1 /* Base */,
			);
			name = LaunchScreen.storyboard;
			sourceTree = "<group>";
		};
/* End PBXVariantGroup section */

/* Begin XCBuildConfiguration section */
		71475A891DB4335E001869C1 /* Debug */ = {
			isa = XCBuildConfiguration;
			buildSettings = {
				ALWAYS_SEARCH_USER_PATHS = NO;
				CLANG_ANALYZER_NONNULL = YES;
				CLANG_CXX_LANGUAGE_STANDARD = "gnu++0x";
				CLANG_CXX_LIBRARY = "libc++";
				CLANG_ENABLE_MODULES = YES;
				CLANG_ENABLE_OBJC_ARC = YES;
				CLANG_WARN_BOOL_CONVERSION = YES;
				CLANG_WARN_CONSTANT_CONVERSION = YES;
				CLANG_WARN_DIRECT_OBJC_ISA_USAGE = YES_ERROR;
				CLANG_WARN_DOCUMENTATION_COMMENTS = YES;
				CLANG_WARN_EMPTY_BODY = YES;
				CLANG_WARN_ENUM_CONVERSION = YES;
				CLANG_WARN_INFINITE_RECURSION = YES;
				CLANG_WARN_INT_CONVERSION = YES;
				CLANG_WARN_OBJC_ROOT_CLASS = YES_ERROR;
				CLANG_WARN_SUSPICIOUS_MOVES = YES;
				CLANG_WARN_UNREACHABLE_CODE = YES;
				CLANG_WARN__DUPLICATE_METHOD_MATCH = YES;
				"CODE_SIGN_IDENTITY[sdk=iphoneos*]" = "iPhone Developer";
				COPY_PHASE_STRIP = NO;
				DEBUG_INFORMATION_FORMAT = dwarf;
				ENABLE_STRICT_OBJC_MSGSEND = YES;
				ENABLE_TESTABILITY = YES;
				GCC_C_LANGUAGE_STANDARD = gnu99;
				GCC_DYNAMIC_NO_PIC = NO;
				GCC_NO_COMMON_BLOCKS = YES;
				GCC_OPTIMIZATION_LEVEL = 0;
				GCC_PREPROCESSOR_DEFINITIONS = (
					"DEBUG=1",
					"$(inherited)",
				);
				GCC_WARN_64_TO_32_BIT_CONVERSION = YES;
				GCC_WARN_ABOUT_RETURN_TYPE = YES_ERROR;
				GCC_WARN_UNDECLARED_SELECTOR = YES;
				GCC_WARN_UNINITIALIZED_AUTOS = YES_AGGRESSIVE;
				GCC_WARN_UNUSED_FUNCTION = YES;
				GCC_WARN_UNUSED_VARIABLE = YES;
				IPHONEOS_DEPLOYMENT_TARGET = 10.0;
				MTL_ENABLE_DEBUG_INFO = YES;
				ONLY_ACTIVE_ARCH = YES;
				SDKROOT = iphoneos;
				SWIFT_ACTIVE_COMPILATION_CONDITIONS = DEBUG;
				SWIFT_OPTIMIZATION_LEVEL = "-Onone";
				TARGETED_DEVICE_FAMILY = "1,2";
			};
			name = Debug;
		};
		71475A8A1DB4335E001869C1 /* Release */ = {
			isa = XCBuildConfiguration;
			buildSettings = {
				ALWAYS_SEARCH_USER_PATHS = NO;
				CLANG_ANALYZER_NONNULL = YES;
				CLANG_CXX_LANGUAGE_STANDARD = "gnu++0x";
				CLANG_CXX_LIBRARY = "libc++";
				CLANG_ENABLE_MODULES = YES;
				CLANG_ENABLE_OBJC_ARC = YES;
				CLANG_WARN_BOOL_CONVERSION = YES;
				CLANG_WARN_CONSTANT_CONVERSION = YES;
				CLANG_WARN_DIRECT_OBJC_ISA_USAGE = YES_ERROR;
				CLANG_WARN_DOCUMENTATION_COMMENTS = YES;
				CLANG_WARN_EMPTY_BODY = YES;
				CLANG_WARN_ENUM_CONVERSION = YES;
				CLANG_WARN_INFINITE_RECURSION = YES;
				CLANG_WARN_INT_CONVERSION = YES;
				CLANG_WARN_OBJC_ROOT_CLASS = YES_ERROR;
				CLANG_WARN_SUSPICIOUS_MOVES = YES;
				CLANG_WARN_UNREACHABLE_CODE = YES;
				CLANG_WARN__DUPLICATE_METHOD_MATCH = YES;
				"CODE_SIGN_IDENTITY[sdk=iphoneos*]" = "iPhone Developer";
				COPY_PHASE_STRIP = NO;
				DEBUG_INFORMATION_FORMAT = "dwarf-with-dsym";
				ENABLE_NS_ASSERTIONS = NO;
				ENABLE_STRICT_OBJC_MSGSEND = YES;
				GCC_C_LANGUAGE_STANDARD = gnu99;
				GCC_NO_COMMON_BLOCKS = YES;
				GCC_WARN_64_TO_32_BIT_CONVERSION = YES;
				GCC_WARN_ABOUT_RETURN_TYPE = YES_ERROR;
				GCC_WARN_UNDECLARED_SELECTOR = YES;
				GCC_WARN_UNINITIALIZED_AUTOS = YES_AGGRESSIVE;
				GCC_WARN_UNUSED_FUNCTION = YES;
				GCC_WARN_UNUSED_VARIABLE = YES;
				IPHONEOS_DEPLOYMENT_TARGET = 10.0;
				MTL_ENABLE_DEBUG_INFO = NO;
				SDKROOT = iphoneos;
				SWIFT_OPTIMIZATION_LEVEL = "-Owholemodule";
				TARGETED_DEVICE_FAMILY = "1,2";
				VALIDATE_PRODUCT = YES;
			};
			name = Release;
		};
		71475A8C1DB4335E001869C1 /* Debug */ = {
			isa = XCBuildConfiguration;
			buildSettings = {
				ASSETCATALOG_COMPILER_APPICON_NAME = AppIcon;
				INFOPLIST_FILE = groceryShopping/Info.plist;
				LD_RUNPATH_SEARCH_PATHS = "$(inherited) @executable_path/Frameworks";
				PRODUCT_BUNDLE_IDENTIFIER = Flatiron.groceryShopping;
				PRODUCT_NAME = "$(TARGET_NAME)";
				SWIFT_VERSION = 3.0;
			};
			name = Debug;
		};
		71475A8D1DB4335E001869C1 /* Release */ = {
			isa = XCBuildConfiguration;
			buildSettings = {
				ASSETCATALOG_COMPILER_APPICON_NAME = AppIcon;
				INFOPLIST_FILE = groceryShopping/Info.plist;
				LD_RUNPATH_SEARCH_PATHS = "$(inherited) @executable_path/Frameworks";
				PRODUCT_BUNDLE_IDENTIFIER = Flatiron.groceryShopping;
				PRODUCT_NAME = "$(TARGET_NAME)";
				SWIFT_VERSION = 3.0;
			};
			name = Release;
		};
		71475A8F1DB4335E001869C1 /* Debug */ = {
			isa = XCBuildConfiguration;
			buildSettings = {
				ALWAYS_EMBED_SWIFT_STANDARD_LIBRARIES = YES;
				BUNDLE_LOADER = "$(TEST_HOST)";
				INFOPLIST_FILE = groceryShoppingTests/Info.plist;
				LD_RUNPATH_SEARCH_PATHS = "$(inherited) @executable_path/Frameworks @loader_path/Frameworks";
				PRODUCT_BUNDLE_IDENTIFIER = Flatiron.groceryShoppingTests;
				PRODUCT_NAME = "$(TARGET_NAME)";
				SWIFT_VERSION = 3.0;
				TEST_HOST = "$(BUILT_PRODUCTS_DIR)/groceryShopping.app/groceryShopping";
			};
			name = Debug;
		};
		71475A901DB4335E001869C1 /* Release */ = {
			isa = XCBuildConfiguration;
			buildSettings = {
				ALWAYS_EMBED_SWIFT_STANDARD_LIBRARIES = YES;
				BUNDLE_LOADER = "$(TEST_HOST)";
				INFOPLIST_FILE = groceryShoppingTests/Info.plist;
				LD_RUNPATH_SEARCH_PATHS = "$(inherited) @executable_path/Frameworks @loader_path/Frameworks";
				PRODUCT_BUNDLE_IDENTIFIER = Flatiron.groceryShoppingTests;
				PRODUCT_NAME = "$(TARGET_NAME)";
				SWIFT_VERSION = 3.0;
				TEST_HOST = "$(BUILT_PRODUCTS_DIR)/groceryShopping.app/groceryShopping";
			};
			name = Release;
		};
		71475A921DB4335E001869C1 /* Debug */ = {
			isa = XCBuildConfiguration;
			buildSettings = {
				ALWAYS_EMBED_SWIFT_STANDARD_LIBRARIES = YES;
				INFOPLIST_FILE = groceryShoppingUITests/Info.plist;
				LD_RUNPATH_SEARCH_PATHS = "$(inherited) @executable_path/Frameworks @loader_path/Frameworks";
				PRODUCT_BUNDLE_IDENTIFIER = Flatiron.groceryShoppingUITests;
				PRODUCT_NAME = "$(TARGET_NAME)";
				SWIFT_VERSION = 3.0;
				TEST_TARGET_NAME = groceryShopping;
			};
			name = Debug;
		};
		71475A931DB4335E001869C1 /* Release */ = {
			isa = XCBuildConfiguration;
			buildSettings = {
				ALWAYS_EMBED_SWIFT_STANDARD_LIBRARIES = YES;
				INFOPLIST_FILE = groceryShoppingUITests/Info.plist;
				LD_RUNPATH_SEARCH_PATHS = "$(inherited) @executable_path/Frameworks @loader_path/Frameworks";
				PRODUCT_BUNDLE_IDENTIFIER = Flatiron.groceryShoppingUITests;
				PRODUCT_NAME = "$(TARGET_NAME)";
				SWIFT_VERSION = 3.0;
				TEST_TARGET_NAME = groceryShopping;
			};
			name = Release;
		};
/* End XCBuildConfiguration section */

/* Begin XCConfigurationList section */
		71475A5E1DB4335E001869C1 /* Build configuration list for PBXProject "groceryShopping" */ = {
			isa = XCConfigurationList;
			buildConfigurations = (
				71475A891DB4335E001869C1 /* Debug */,
				71475A8A1DB4335E001869C1 /* Release */,
			);
			defaultConfigurationIsVisible = 0;
			defaultConfigurationName = Release;
		};
		71475A8B1DB4335E001869C1 /* Build configuration list for PBXNativeTarget "groceryShopping" */ = {
			isa = XCConfigurationList;
			buildConfigurations = (
				71475A8C1DB4335E001869C1 /* Debug */,
				71475A8D1DB4335E001869C1 /* Release */,
			);
			defaultConfigurationIsVisible = 0;
		};
		71475A8E1DB4335E001869C1 /* Build configuration list for PBXNativeTarget "groceryShoppingTests" */ = {
			isa = XCConfigurationList;
			buildConfigurations = (
				71475A8F1DB4335E001869C1 /* Debug */,
				71475A901DB4335E001869C1 /* Release */,
			);
			defaultConfigurationIsVisible = 0;
		};
		71475A911DB4335E001869C1 /* Build configuration list for PBXNativeTarget "groceryShoppingUITests" */ = {
			isa = XCConfigurationList;
			buildConfigurations = (
				71475A921DB4335E001869C1 /* Debug */,
				71475A931DB4335E001869C1 /* Release */,
			);
			defaultConfigurationIsVisible = 0;
		};
/* End XCConfigurationList section */
	};
	rootObject = 71475A5B1DB4335E001869C1 /* Project object */;
}
